
Microsoft Visual Studio Solution File, Format Version 12.00
# Visual Studio Version 17
VisualStudioVersion = 17.1.32228.430
MinimumVisualStudioVersion = 10.0.40219.1
Project("{FAE04EC0-301F-11D3-BF4B-00C04F79EFBC}") = "Drawing", "Drawing\Drawing.csproj", "{E6EEDA37-EEC0-47B9-A77B-539DA7E8B64E}"
EndProject
Global
	GlobalSection(SolutionConfigurationPlatforms) = preSolution
		Debug|Any CPU = Debug|Any CPU
		Release|Any CPU = Release|Any CPU
	EndGlobalSection
	GlobalSection(ProjectConfigurationPlatforms) = postSolution
		{E6EEDA37-EEC0-47B9-A77B-539DA7E8B64E}.Debug|Any CPU.ActiveCfg = Debug|Any CPU
		{E6EEDA37-EEC0-47B9-A77B-539DA7E8B64E}.Debug|Any CPU.Build.0 = Debug|Any CPU
		{E6EEDA37-EEC0-47B9-A77B-539DA7E8B64E}.Release|Any CPU.ActiveCfg = Release|Any CPU
		{E6EEDA37-EEC0-47B9-A77B-539DA7E8B64E}.Release|Any CPU.Build.0 = Release|Any CPU
	EndGlobalSection
	GlobalSection(SolutionProperties) = preSolution
		HideSolutionNode = FALSE
	EndGlobalSection
	GlobalSection(ExtensibilityGlobals) = postSolution
		SolutionGuid = {4034AFE8-F721-4EF3-8490-3908EA925240}
	EndGlobalSection
EndGlobal
